<?xml version="1.0" encoding="utf-8"?>
<Project ToolsVersion="17.0" xmlns="http://schemas.microsoft.com/developer/msbuild/2003">
  <ItemGroup>
    <ClCompile Include="D:\VKRenderer\Build\src\CMakeFiles\engine.dir\cmake_pch.cxx">
      <Filter>Source Files</Filter>
    </ClCompile>
    <ClCompile Include="D:\VKRenderer\Base\src\main.cpp">
      <Filter>Source Files</Filter>
    </ClCompile>
    <ClCompile Include="D:\VKRenderer\Base\src\vk_initializers.cpp">
      <Filter>Source Files</Filter>
    </ClCompile>
    <ClCompile Include="D:\VKRenderer\Base\src\vk_images.cpp">
      <Filter>Source Files</Filter>
    </ClCompile>
    <ClCompile Include="D:\VKRenderer\Base\src\vk_descriptors.cpp">
      <Filter>Source Files</Filter>
    </ClCompile>
    <ClCompile Include="D:\VKRenderer\Base\src\vk_pipelines.cpp">
      <Filter>Source Files</Filter>
    </ClCompile>
    <ClCompile Include="D:\VKRenderer\Base\src\vk_engine.cpp">
      <Filter>Source Files</Filter>
    </ClCompile>
    <ClCompile Include="D:\VKRenderer\Base\src\vk_loader.cpp">
      <Filter>Source Files</Filter>
    </ClCompile>
    <ClCompile Include="D:\VKRenderer\Base\src\camera.cpp">
      <Filter>Source Files</Filter>
    </ClCompile>
  </ItemGroup>
  <ItemGroup>
    <ClInclude Include="D:\VKRenderer\Base\src\vk_types.h">
      <Filter>Header Files</Filter>
    </ClInclude>
    <ClInclude Include="D:\VKRenderer\Base\src\vk_initializers.h">
      <Filter>Header Files</Filter>
    </ClInclude>
    <ClInclude Include="D:\VKRenderer\Base\src\vk_images.h">
      <Filter>Header Files</Filter>
    </ClInclude>
    <ClInclude Include="D:\VKRenderer\Base\src\vk_descriptors.h">
      <Filter>Header Files</Filter>
    </ClInclude>
    <ClInclude Include="D:\VKRenderer\Base\src\vk_pipelines.h">
      <Filter>Header Files</Filter>
    </ClInclude>
    <ClInclude Include="D:\VKRenderer\Base\src\vk_engine.h">
      <Filter>Header Files</Filter>
    </ClInclude>
    <ClInclude Include="D:\VKRenderer\Base\src\vk_loader.h">
      <Filter>Header Files</Filter>
    </ClInclude>
    <ClInclude Include="D:\VKRenderer\Base\src\camera.h">
      <Filter>Header Files</Filter>
    </ClInclude>
    <ClInclude Include="D:\VKRenderer\Build\src\CMakeFiles\engine.dir\Debug\cmake_pch.hxx">
      <Filter>Precompile Header File</Filter>
    </ClInclude>
    <ClInclude Include="D:\VKRenderer\Build\src\CMakeFiles\engine.dir\Release\cmake_pch.hxx">
      <Filter>Precompile Header File</Filter>
    </ClInclude>
    <ClInclude Include="D:\VKRenderer\Build\src\CMakeFiles\engine.dir\MinSizeRel\cmake_pch.hxx">
      <Filter>Precompile Header File</Filter>
    </ClInclude>
    <ClInclude Include="D:\VKRenderer\Build\src\CMakeFiles\engine.dir\RelWithDebInfo\cmake_pch.hxx">
      <Filter>Precompile Header File</Filter>
    </ClInclude>
  </ItemGroup>
  <ItemGroup>
    <CustomBuild Include="D:\VKRenderer\Base\src\CMakeLists.txt" />
  </ItemGroup>
  <ItemGroup>
    <Filter Include="Header Files">
      <UniqueIdentifier>{9E52FC98-AF47-33FD-8B5A-DDD52251EFB9}</UniqueIdentifier>
    </Filter>
    <Filter Include="Precompile Header File">
      <UniqueIdentifier>{BBCE1F07-2CFC-3C4F-9C5F-D3EB0C6B240D}</UniqueIdentifier>
    </Filter>
    <Filter Include="Source Files">
      <UniqueIdentifier>{1FA9DF44-2658-32FC-823B-A10FDD4C39FB}</UniqueIdentifier>
    </Filter>
  </ItemGroup>
</Project>
